
Microsoft Visual Studio Solution File, Format Version 12.00
# Visual Studio 15
VisualStudioVersion = 15.0.27428.2037
MinimumVisualStudioVersion = 10.0.40219.1
Project("{FAE04EC0-301F-11D3-BF4B-00C04F79EFBC}") = "Memories", "Memories\Memories.csproj", "{B99818E7-3DAF-48B2-B3FD-99EE653E0416}"
EndProject
Global
	GlobalSection(SolutionConfigurationPlatforms) = preSolution
		Debug|Any CPU = Debug|Any CPU
		Release|Any CPU = Release|Any CPU
	EndGlobalSection
	GlobalSection(ProjectConfigurationPlatforms) = postSolution
		{B99818E7-3DAF-48B2-B3FD-99EE653E0416}.Debug|Any CPU.ActiveCfg = Debug|Any CPU
		{B99818E7-3DAF-48B2-B3FD-99EE653E0416}.Debug|Any CPU.Build.0 = Debug|Any CPU
		{B99818E7-3DAF-48B2-B3FD-99EE653E0416}.Release|Any CPU.ActiveCfg = Release|Any CPU
		{B99818E7-3DAF-48B2-B3FD-99EE653E0416}.Release|Any CPU.Build.0 = Release|Any CPU
	EndGlobalSection
	GlobalSection(SolutionProperties) = preSolution
		HideSolutionNode = FALSE
	EndGlobalSection
	GlobalSection(ExtensibilityGlobals) = postSolution
		SolutionGuid = {2914FB5D-4C64-45CB-A9BA-6E7625747C5E}
	EndGlobalSection
EndGlobal
